
Microsoft Visual Studio Solution File, Format Version 12.00
# Visual Studio Version 17
VisualStudioVersion = 17.10.35004.147
MinimumVisualStudioVersion = 10.0.40219.1
Project("{8BC9CEB8-8B4A-11D0-8D11-00A0C91BC942}") = "JSONtest", "JSONtest.vcxproj", "{FAB91F00-CBC6-450B-B985-A8FAEC9AD6B5}"
EndProject
Global
	GlobalSection(SolutionConfigurationPlatforms) = preSolution
		Debug|x64 = Debug|x64
		Debug|x86 = Debug|x86
		Release|x64 = Release|x64
		Release|x86 = Release|x86
	EndGlobalSection
	GlobalSection(ProjectConfigurationPlatforms) = postSolution
		{FAB91F00-CBC6-450B-B985-A8FAEC9AD6B5}.Debug|x64.ActiveCfg = Debug|x64
		{FAB91F00-CBC6-450B-B985-A8FAEC9AD6B5}.Debug|x64.Build.0 = Debug|x64
		{FAB91F00-CBC6-450B-B985-A8FAEC9AD6B5}.Debug|x86.ActiveCfg = Debug|Win32
		{FAB91F00-CBC6-450B-B985-A8FAEC9AD6B5}.Debug|x86.Build.0 = Debug|Win32
		{FAB91F00-CBC6-450B-B985-A8FAEC9AD6B5}.Release|x64.ActiveCfg = Release|x64
		{FAB91F00-CBC6-450B-B985-A8FAEC9AD6B5}.Release|x64.Build.0 = Release|x64
		{FAB91F00-CBC6-450B-B985-A8FAEC9AD6B5}.Release|x86.ActiveCfg = Release|Win32
		{FAB91F00-CBC6-450B-B985-A8FAEC9AD6B5}.Release|x86.Build.0 = Release|Win32
	EndGlobalSection
	GlobalSection(SolutionProperties) = preSolution
		HideSolutionNode = FALSE
	EndGlobalSection
	GlobalSection(ExtensibilityGlobals) = postSolution
		SolutionGuid = {129C7A1B-E6A6-45B6-981B-0BF21D101AC9}
	EndGlobalSection
EndGlobal
